
Microsoft Visual Studio Solution File, Format Version 12.00
# Visual Studio Version 17
VisualStudioVersion = 17.11.35208.52
MinimumVisualStudioVersion = 10.0.40219.1
Project("{FAE04EC0-301F-11D3-BF4B-00C04F79EFBC}") = "MSProyecto2", "MSProyecto2.csproj", "{40267F48-0D13-476A-AFE2-F623120E033A}"
EndProject
Global
	GlobalSection(SolutionConfigurationPlatforms) = preSolution
		Debug|Any CPU = Debug|Any CPU
		Release|Any CPU = Release|Any CPU
	EndGlobalSection
	GlobalSection(ProjectConfigurationPlatforms) = postSolution
		{40267F48-0D13-476A-AFE2-F623120E033A}.Debug|Any CPU.ActiveCfg = Debug|Any CPU
		{40267F48-0D13-476A-AFE2-F623120E033A}.Debug|Any CPU.Build.0 = Debug|Any CPU
		{40267F48-0D13-476A-AFE2-F623120E033A}.Release|Any CPU.ActiveCfg = Release|Any CPU
		{40267F48-0D13-476A-AFE2-F623120E033A}.Release|Any CPU.Build.0 = Release|Any CPU
	EndGlobalSection
	GlobalSection(SolutionProperties) = preSolution
		HideSolutionNode = FALSE
	EndGlobalSection
	GlobalSection(ExtensibilityGlobals) = postSolution
		SolutionGuid = {2E9035CF-F9F6-4D19-9E8A-6B5419103D66}
	EndGlobalSection
EndGlobal
